// !$*UTF8*$!
{
	archiveVersion = 1;
	classes = {
	};
	objectVersion = 50;
	objects = {

/* Begin PBXBuildFile section */
		8EE92E252172E9E20009A982 /* main.c in Sources */ = {isa = PBXBuildFile; fileRef = 8EE92E242172E9E20009A982 /* main.c */; };
		8EE92E322172EF550009A982 /* issort.c in Sources */ = {isa = PBXBuildFile; fileRef = 8EE92E312172EF550009A982 /* issort.c */; };
/* End PBXBuildFile section */

/* Begin PBXCopyFilesBuildPhase section */
		8EE92E1F2172E9E20009A982 /* CopyFiles */ = {
			isa = PBXCopyFilesBuildPhase;
			buildActionMask = 2147483647;
			dstPath = /usr/share/man/man1/;
			dstSubfolderSpec = 0;
			files = (
			);
			runOnlyForDeploymentPostprocessing = 1;
		};
/* End PBXCopyFilesBuildPhase section */

/* Begin PBXFileReference section */
		8EE92E212172E9E20009A982 /* MasterAlgorithmsWithC */ = {isa = PBXFileReference; explicitFileType = "compiled.mach-o.executable"; includeInIndex = 0; path = MasterAlgorithmsWithC; sourceTree = BUILT_PRODUCTS_DIR; };
		8EE92E242172E9E20009A982 /* main.c */ = {isa = PBXFileReference; lastKnownFileType = sourcecode.c.c; path = main.c; sourceTree = "<group>"; };
		8EE92E2F2172EBB50009A982 /* sort.h */ = {isa = PBXFileReference; lastKnownFileType = sourcecode.c.h; path = sort.h; sourceTree = "<group>"; };
		8EE92E312172EF550009A982 /* issort.c */ = {isa = PBXFileReference; lastKnownFileType = sourcecode.c.c; path = issort.c; sourceTree = "<group>"; };
/* End PBXFileReference section */

/* Begin PBXFrameworksBuildPhase section */
		8EE92E1E2172E9E20009A982 /* Frameworks */ = {
			isa = PBXFrameworksBuildPhase;
			buildActionMask = 2147483647;
			files = (
			);
			runOnlyForDeploymentPostprocessing = 0;
		};
/* End PBXFrameworksBuildPhase section */

/* Begin PBXGroup section */
		8EE92E182172E9E20009A982 = {
			isa = PBXGroup;
			children = (
				8EE92E232172E9E20009A982 /* MasterAlgorithmsWithC */,
				8EE92E222172E9E20009A982 /* Products */,
			);
			sourceTree = "<group>";
		};
		8EE92E222172E9E20009A982 /* Products */ = {
			isa = PBXGroup;
			children = (
				8EE92E212172E9E20009A982 /* MasterAlgorithmsWithC */,
			);
			name = Products;
			sourceTree = "<group>";
		};
		8EE92E232172E9E20009A982 /* MasterAlgorithmsWithC */ = {
			isa = PBXGroup;
			children = (
				8EE92E2D2172EA6F0009A982 /* source */,
				8EE92E2C2172EA600009A982 /* include */,
				8EE92E2B2172EA510009A982 /* Example */,
			);
			path = MasterAlgorithmsWithC;
			sourceTree = "<group>";
		};
		8EE92E2B2172EA510009A982 /* Example */ = {
			isa = PBXGroup;
			children = (
				8EE92E2E2172EAD80009A982 /* sort */,
			);
			path = Example;
			sourceTree = "<group>";
		};
		8EE92E2C2172EA600009A982 /* include */ = {
			isa = PBXGroup;
			children = (
				8EE92E2F2172EBB50009A982 /* sort.h */,
			);
			path = include;
			sourceTree = "<group>";
		};
		8EE92E2D2172EA6F0009A982 /* source */ = {
			isa = PBXGroup;
			children = (
				8EE92E312172EF550009A982 /* issort.c */,
			);
			path = source;
			sourceTree = "<group>";
		};
		8EE92E2E2172EAD80009A982 /* sort */ = {
			isa = PBXGroup;
			children = (
				8EE92E242172E9E20009A982 /* main.c */,
			);
			path = sort;
			sourceTree = "<group>";
		};
/* End PBXGroup section */

/* Begin PBXNativeTarget section */
		8EE92E202172E9E20009A982 /* MasterAlgorithmsWithC */ = {
			isa = PBXNativeTarget;
			buildConfigurationList = 8EE92E282172E9E20009A982 /* Build configuration list for PBXNativeTarget "MasterAlgorithmsWithC" */;
			buildPhases = (
				8EE92E1D2172E9E20009A982 /* Sources */,
				8EE92E1E2172E9E20009A982 /* Frameworks */,
				8EE92E1F2172E9E20009A982 /* CopyFiles */,
			);
			buildRules = (
			);
			dependencies = (
			);
			name = MasterAlgorithmsWithC;
			productName = MasterAlgorithmsWithC;
			productReference = 8EE92E212172E9E20009A982 /* MasterAlgorithmsWithC */;
			productType = "com.apple.product-type.tool";
		};
/* End PBXNativeTarget section */

/* Begin PBXProject section */
		8EE92E192172E9E20009A982 /* Project object */ = {
			isa = PBXProject;
			attributes = {
				LastUpgradeCheck = 1000;
				ORGANIZATIONNAME = "Chyi Yaqing";
				TargetAttributes = {
					8EE92E202172E9E20009A982 = {
						CreatedOnToolsVersion = 10.0;
					};
				};
			};
			buildConfigurationList = 8EE92E1C2172E9E20009A982 /* Build configuration list for PBXProject "MasterAlgorithmsWithC" */;
			compatibilityVersion = "Xcode 9.3";
			developmentRegion = en;
			hasScannedForEncodings = 0;
			knownRegions = (
				en,
			);
			mainGroup = 8EE92E182172E9E20009A982;
			productRefGroup = 8EE92E222172E9E20009A982 /* Products */;
			projectDirPath = "";
			projectRoot = "";
			targets = (
				8EE92E202172E9E20009A982 /* MasterAlgorithmsWithC */,
			);
		};
/* End PBXProject section */

/* Begin PBXSourcesBuildPhase section */
		8EE92E1D2172E9E20009A982 /* Sources */ = {
			isa = PBXSourcesBuildPhase;
			buildActionMask = 2147483647;
			files = (
				8EE92E252172E9E20009A982 /* main.c in Sources */,
				8EE92E322172EF550009A982 /* issort.c in Sources */,
			);
			runOnlyForDeploymentPostprocessing = 0;
		};
/* End PBXSourcesBuildPhase section */

/* Begin XCBuildConfiguration section */
		8EE92E262172E9E20009A982 /* Debug */ = {
			isa = XCBuildConfiguration;
			buildSettings = {
				ALWAYS_SEARCH_USER_PATHS = NO;
				CLANG_ANALYZER_NONNULL = YES;
				CLANG_ANALYZER_NUMBER_OBJECT_CONVERSION = YES_AGGRESSIVE;
				CLANG_CXX_LANGUAGE_STANDARD = "gnu++14";
				CLANG_CXX_LIBRARY = "libc++";
				CLANG_ENABLE_MODULES = YES;
				CLANG_ENABLE_OBJC_ARC = YES;
				CLANG_ENABLE_OBJC_WEAK = YES;
				CLANG_WARN_BLOCK_CAPTURE_AUTORELEASING = YES;
				CLANG_WARN_BOOL_CONVERSION = YES;
				CLANG_WARN_COMMA = YES;
				CLANG_WARN_CONSTANT_CONVERSION = YES;
				CLANG_WARN_DEPRECATED_OBJC_IMPLEMENTATIONS = YES;
				CLANG_WARN_DIRECT_OBJC_ISA_USAGE = YES_ERROR;
				CLANG_WARN_DOCUMENTATION_COMMENTS = YES;
				CLANG_WARN_EMPTY_BODY = YES;
				CLANG_WARN_ENUM_CONVERSION = YES;
				CLANG_WARN_INFINITE_RECURSION = YES;
				CLANG_WARN_INT_CONVERSION = YES;
				CLANG_WARN_NON_LITERAL_NULL_CONVERSION = YES;
				CLANG_WARN_OBJC_IMPLICIT_RETAIN_SELF = YES;
				CLANG_WARN_OBJC_LITERAL_CONVERSION = YES;
				CLANG_WARN_OBJC_ROOT_CLASS = YES_ERROR;
				CLANG_WARN_RANGE_LOOP_ANALYSIS = YES;
				CLANG_WARN_STRICT_PROTOTYPES = YES;
				CLANG_WARN_SUSPICIOUS_MOVE = YES;
				CLANG_WARN_UNGUARDED_AVAILABILITY = YES_AGGRESSIVE;
				CLANG_WARN_UNREACHABLE_CODE = YES;
				CLANG_WARN__DUPLICATE_METHOD_MATCH = YES;
				CODE_SIGN_IDENTITY = "Mac Developer";
				COPY_PHASE_STRIP = NO;
				DEBUG_INFORMATION_FORMAT = dwarf;
				ENABLE_STRICT_OBJC_MSGSEND = YES;
				ENABLE_TESTABILITY = YES;
				GCC_C_LANGUAGE_STANDARD = gnu11;
				GCC_DYNAMIC_NO_PIC = NO;
				GCC_NO_COMMON_BLOCKS = YES;
				GCC_OPTIMIZATION_LEVEL = 0;
				GCC_PREPROCESSOR_DEFINITIONS = (
					"DEBUG=1",
					"$(inherited)",
				);
				GCC_WARN_64_TO_32_BIT_CONVERSION = YES;
				GCC_WARN_ABOUT_RETURN_TYPE = YES_ERROR;
				GCC_WARN_UNDECLARED_SELECTOR = YES;
				GCC_WARN_UNINITIALIZED_AUTOS = YES_AGGRESSIVE;
				GCC_WARN_UNUSED_FUNCTION = YES;
				GCC_WARN_UNUSED_VARIABLE = YES;
				MACOSX_DEPLOYMENT_TARGET = 10.14;
				MTL_ENABLE_DEBUG_INFO = INCLUDE_SOURCE;
				MTL_FAST_MATH = YES;
				ONLY_ACTIVE_ARCH = YES;
				SDKROOT = macosx;
			};
			name = Debug;
		};
		8EE92E272172E9E20009A982 /* Release */ = {
			isa = XCBuildConfiguration;
			buildSettings = {
				ALWAYS_SEARCH_USER_PATHS = NO;
				CLANG_ANALYZER_NONNULL = YES;
				CLANG_ANALYZER_NUMBER_OBJECT_CONVERSION = YES_AGGRESSIVE;
				CLANG_CXX_LANGUAGE_STANDARD = "gnu++14";
				CLANG_CXX_LIBRARY = "libc++";
				CLANG_ENABLE_MODULES = YES;
				CLANG_ENABLE_OBJC_ARC = YES;
				CLANG_ENABLE_OBJC_WEAK = YES;
				CLANG_WARN_BLOCK_CAPTURE_AUTORELEASING = YES;
				CLANG_WARN_BOOL_CONVERSION = YES;
				CLANG_WARN_COMMA = YES;
				CLANG_WARN_CONSTANT_CONVERSION = YES;
				CLANG_WARN_DEPRECATED_OBJC_IMPLEMENTATIONS = YES;
				CLANG_WARN_DIRECT_OBJC_ISA_USAGE = YES_ERROR;
				CLANG_WARN_DOCUMENTATION_COMMENTS = YES;
				CLANG_WARN_EMPTY_BODY = YES;
				CLANG_WARN_ENUM_CONVERSION = YES;
				CLANG_WARN_INFINITE_RECURSION = YES;
				CLANG_WARN_INT_CONVERSION = YES;
				CLANG_WARN_NON_LITERAL_NULL_CONVERSION = YES;
				CLANG_WARN_OBJC_IMPLICIT_RETAIN_SELF = YES;
				CLANG_WARN_OBJC_LITERAL_CONVERSION = YES;
				CLANG_WARN_OBJC_ROOT_CLASS = YES_ERROR;
				CLANG_WARN_RANGE_LOOP_ANALYSIS = YES;
				CLANG_WARN_STRICT_PROTOTYPES = YES;
				CLANG_WARN_SUSPICIOUS_MOVE = YES;
				CLANG_WARN_UNGUARDED_AVAILABILITY = YES_AGGRESSIVE;
				CLANG_WARN_UNREACHABLE_CODE = YES;
				CLANG_WARN__DUPLICATE_METHOD_MATCH = YES;
				CODE_SIGN_IDENTITY = "Mac Developer";
				COPY_PHASE_STRIP = NO;
				DEBUG_INFORMATION_FORMAT = "dwarf-with-dsym";
				ENABLE_NS_ASSERTIONS = NO;
				ENABLE_STRICT_OBJC_MSGSEND = YES;
				GCC_C_LANGUAGE_STANDARD = gnu11;
				GCC_NO_COMMON_BLOCKS = YES;
				GCC_WARN_64_TO_32_BIT_CONVERSION = YES;
				GCC_WARN_ABOUT_RETURN_TYPE = YES_ERROR;
				GCC_WARN_UNDECLARED_SELECTOR = YES;
				GCC_WARN_UNINITIALIZED_AUTOS = YES_AGGRESSIVE;
				GCC_WARN_UNUSED_FUNCTION = YES;
				GCC_WARN_UNUSED_VARIABLE = YES;
				MACOSX_DEPLOYMENT_TARGET = 10.14;
				MTL_ENABLE_DEBUG_INFO = NO;
				MTL_FAST_MATH = YES;
				SDKROOT = macosx;
			};
			name = Release;
		};
		8EE92E292172E9E20009A982 /* Debug */ = {
			isa = XCBuildConfiguration;
			buildSettings = {
				CODE_SIGN_STYLE = Automatic;
				DEVELOPMENT_TEAM = X9669MJ564;
				PRODUCT_NAME = "$(TARGET_NAME)";
			};
			name = Debug;
		};
		8EE92E2A2172E9E20009A982 /* Release */ = {
			isa = XCBuildConfiguration;
			buildSettings = {
				CODE_SIGN_STYLE = Automatic;
				DEVELOPMENT_TEAM = X9669MJ564;
				PRODUCT_NAME = "$(TARGET_NAME)";
			};
			name = Release;
		};
/* End XCBuildConfiguration section */

/* Begin XCConfigurationList section */
		8EE92E1C2172E9E20009A982 /* Build configuration list for PBXProject "MasterAlgorithmsWithC" */ = {
			isa = XCConfigurationList;
			buildConfigurations = (
				8EE92E262172E9E20009A982 /* Debug */,
				8EE92E272172E9E20009A982 /* Release */,
			);
			defaultConfigurationIsVisible = 0;
			defaultConfigurationName = Release;
		};
		8EE92E282172E9E20009A982 /* Build configuration list for PBXNativeTarget "MasterAlgorithmsWithC" */ = {
			isa = XCConfigurationList;
			buildConfigurations = (
				8EE92E292172E9E20009A982 /* Debug */,
				8EE92E2A2172E9E20009A982 /* Release */,
			);
			defaultConfigurationIsVisible = 0;
			defaultConfigurationName = Release;
		};
/* End XCConfigurationList section */
	};
	rootObject = 8EE92E192172E9E20009A982 /* Project object */;
}
